
Microsoft Visual Studio Solution File, Format Version 12.00
# Visual Studio Version 17
VisualStudioVersion = 17.11.35303.130
MinimumVisualStudioVersion = 10.0.40219.1
Project("{FAE04EC0-301F-11D3-BF4B-00C04F79EFBC}") = "TruyumConsole", "TruyumConsole\TruyumConsole.csproj", "{9FB43CCE-7F25-4BA2-855A-49F954F1D633}"
EndProject
Project("{FAE04EC0-301F-11D3-BF4B-00C04F79EFBC}") = "TruyumOnline", "TruyumOnline\TruyumOnline.csproj", "{34F44CEB-A886-4FF4-BE73-55A18744D4AA}"
EndProject
Project("{FAE04EC0-301F-11D3-BF4B-00C04F79EFBC}") = "Com.Cognizant.Truyum.Model", "Com.Cognizant.Truyum.Model\Com.Cognizant.Truyum.Model.csproj", "{5E997D48-6716-4EB2-9BED-892618E41A95}"
EndProject
Global
	GlobalSection(SolutionConfigurationPlatforms) = preSolution
		Debug|Any CPU = Debug|Any CPU
		Release|Any CPU = Release|Any CPU
	EndGlobalSection
	GlobalSection(ProjectConfigurationPlatforms) = postSolution
		{9FB43CCE-7F25-4BA2-855A-49F954F1D633}.Debug|Any CPU.ActiveCfg = Debug|Any CPU
		{9FB43CCE-7F25-4BA2-855A-49F954F1D633}.Debug|Any CPU.Build.0 = Debug|Any CPU
		{9FB43CCE-7F25-4BA2-855A-49F954F1D633}.Release|Any CPU.ActiveCfg = Release|Any CPU
		{9FB43CCE-7F25-4BA2-855A-49F954F1D633}.Release|Any CPU.Build.0 = Release|Any CPU
		{34F44CEB-A886-4FF4-BE73-55A18744D4AA}.Debug|Any CPU.ActiveCfg = Debug|Any CPU
		{34F44CEB-A886-4FF4-BE73-55A18744D4AA}.Debug|Any CPU.Build.0 = Debug|Any CPU
		{34F44CEB-A886-4FF4-BE73-55A18744D4AA}.Release|Any CPU.ActiveCfg = Release|Any CPU
		{34F44CEB-A886-4FF4-BE73-55A18744D4AA}.Release|Any CPU.Build.0 = Release|Any CPU
		{5E997D48-6716-4EB2-9BED-892618E41A95}.Debug|Any CPU.ActiveCfg = Debug|Any CPU
		{5E997D48-6716-4EB2-9BED-892618E41A95}.Debug|Any CPU.Build.0 = Debug|Any CPU
		{5E997D48-6716-4EB2-9BED-892618E41A95}.Release|Any CPU.ActiveCfg = Release|Any CPU
		{5E997D48-6716-4EB2-9BED-892618E41A95}.Release|Any CPU.Build.0 = Release|Any CPU
	EndGlobalSection
	GlobalSection(SolutionProperties) = preSolution
		HideSolutionNode = FALSE
	EndGlobalSection
	GlobalSection(ExtensibilityGlobals) = postSolution
		SolutionGuid = {8F88F691-25C2-4D36-A6C7-BE272607FAB3}
	EndGlobalSection
EndGlobal
